%{
  "jason": {:hex, :jason, "1.4.1", "af1504e35f629ddcdd6addb3513c3853991f694921b1b9368b0bd32beb9f1b63", [:mix], [{:decimal, "~> 1.0 or ~> 2.0", [hex: :decimal, repo: "hexpm", optional: true]}], "hexpm", "fbb01ecdfd565b56261302f7e1fcc27c4fb8f32d56eab74db621fc154604a7a1"},
  "nimble_parsec": {:hex, :nimble_parsec, "1.3.1", "2c54013ecf170e249e9291ed0a62e5832f70a476c61da16f6aac6dca0189f2af", [:mix], [], "hexpm", "2682e3c0b2eb58d90c6375fc0cc30bc7be06f365bf72608804fb9cffa5e1b167"},
  "pegasus": {:hex, :pegasus, "0.2.4", "3d8d5a2c89552face9c7ca14f959cc6c6d2cd645db1df85940db4c77c3b21a24", [:mix], [{:nimble_parsec, "~> 1.2", [hex: :nimble_parsec, repo: "hexpm", optional: false]}], "hexpm", "2d21e2b6b946fe3cd441544bf9856e7772f29050332f0255e166a13cdbe65bb4"},
  "zig_parser": {:hex, :zig_parser, "0.1.9", "13b5a23d273d524d50383223125d4083b327799b54d5cb03d815116f3c1ffa1e", [:mix], [{:pegasus, "~> 0.2.2", [hex: :pegasus, repo: "hexpm", optional: false]}], "hexpm", "6f2515bc0d23088742f6244abe1c797f43399eee29c7ed2a2d755f45be94eaec"},
  "zigler": {:hex, :zigler, "0.10.3", "dd45e2322ec24073a98bf22112fc766e1dd28b1b03844299abb06002cbad0a93", [:mix], [{:jason, "~> 1.4", [hex: :jason, repo: "hexpm", optional: false]}, {:zig_parser, "~> 0.1.9", [hex: :zig_parser, repo: "hexpm", optional: false]}], "hexpm", "a6689c61cdfff4e317254604b9dd40f25613cc310e448e8507ba076715fceb2c"},
}
